// !$*UTF8*$!
{
	archiveVersion = 1;
	classes = {
	};
	objectVersion = 48;
	objects = {

/* Begin PBXBuildFile section */
		1DA0E4A9202B6E9100CB1811 /* main.m in Sources */ = {isa = PBXBuildFile; fileRef = 1DA0E4A8202B6E9100CB1811 /* main.m */; };
		1DA0E4B1202B6E9C00CB1811 /* House.m in Sources */ = {isa = PBXBuildFile; fileRef = 1DA0E4B0202B6E9C00CB1811 /* House.m */; };
		1DA0E4B4202B7E2900CB1811 /* Book.m in Sources */ = {isa = PBXBuildFile; fileRef = 1DA0E4B3202B7E2900CB1811 /* Book.m */; };
		1DA0E4B7202B88EC00CB1811 /* Bedroom.m in Sources */ = {isa = PBXBuildFile; fileRef = 1DA0E4B6202B88EC00CB1811 /* Bedroom.m */; };
		1DA0E4BA202B8C9700CB1811 /* Person.m in Sources */ = {isa = PBXBuildFile; fileRef = 1DA0E4B9202B8C9700CB1811 /* Person.m */; };
/* End PBXBuildFile section */

/* Begin PBXCopyFilesBuildPhase section */
		1DA0E4A3202B6E9100CB1811 /* CopyFiles */ = {
			isa = PBXCopyFilesBuildPhase;
			buildActionMask = 2147483647;
			dstPath = /usr/share/man/man1/;
			dstSubfolderSpec = 0;
			files = (
			);
			runOnlyForDeploymentPostprocessing = 1;
		};
/* End PBXCopyFilesBuildPhase section */

/* Begin PBXFileReference section */
		1DA0E4A5202B6E9100CB1811 /* House */ = {isa = PBXFileReference; explicitFileType = "compiled.mach-o.executable"; includeInIndex = 0; path = House; sourceTree = BUILT_PRODUCTS_DIR; };
		1DA0E4A8202B6E9100CB1811 /* main.m */ = {isa = PBXFileReference; lastKnownFileType = sourcecode.c.objc; path = main.m; sourceTree = "<group>"; };
		1DA0E4AF202B6E9C00CB1811 /* House.h */ = {isa = PBXFileReference; lastKnownFileType = sourcecode.c.h; path = House.h; sourceTree = "<group>"; };
		1DA0E4B0202B6E9C00CB1811 /* House.m */ = {isa = PBXFileReference; lastKnownFileType = sourcecode.c.objc; path = House.m; sourceTree = "<group>"; };
		1DA0E4B2202B7E2900CB1811 /* Book.h */ = {isa = PBXFileReference; lastKnownFileType = sourcecode.c.h; path = Book.h; sourceTree = "<group>"; };
		1DA0E4B3202B7E2900CB1811 /* Book.m */ = {isa = PBXFileReference; lastKnownFileType = sourcecode.c.objc; path = Book.m; sourceTree = "<group>"; };
		1DA0E4B5202B88EC00CB1811 /* Bedroom.h */ = {isa = PBXFileReference; lastKnownFileType = sourcecode.c.h; path = Bedroom.h; sourceTree = "<group>"; };
		1DA0E4B6202B88EC00CB1811 /* Bedroom.m */ = {isa = PBXFileReference; lastKnownFileType = sourcecode.c.objc; path = Bedroom.m; sourceTree = "<group>"; };
		1DA0E4B8202B8C9700CB1811 /* Person.h */ = {isa = PBXFileReference; lastKnownFileType = sourcecode.c.h; path = Person.h; sourceTree = "<group>"; };
		1DA0E4B9202B8C9700CB1811 /* Person.m */ = {isa = PBXFileReference; lastKnownFileType = sourcecode.c.objc; path = Person.m; sourceTree = "<group>"; };
/* End PBXFileReference section */

/* Begin PBXFrameworksBuildPhase section */
		1DA0E4A2202B6E9100CB1811 /* Frameworks */ = {
			isa = PBXFrameworksBuildPhase;
			buildActionMask = 2147483647;
			files = (
			);
			runOnlyForDeploymentPostprocessing = 0;
		};
/* End PBXFrameworksBuildPhase section */

/* Begin PBXGroup section */
		1DA0E49C202B6E9100CB1811 = {
			isa = PBXGroup;
			children = (
				1DA0E4A7202B6E9100CB1811 /* House */,
				1DA0E4A6202B6E9100CB1811 /* Products */,
			);
			sourceTree = "<group>";
		};
		1DA0E4A6202B6E9100CB1811 /* Products */ = {
			isa = PBXGroup;
			children = (
				1DA0E4A5202B6E9100CB1811 /* House */,
			);
			name = Products;
			sourceTree = "<group>";
		};
		1DA0E4A7202B6E9100CB1811 /* House */ = {
			isa = PBXGroup;
			children = (
				1DA0E4A8202B6E9100CB1811 /* main.m */,
				1DA0E4BE202B8EAC00CB1811 /* House */,
				1DA0E4BC202B8EA000CB1811 /* Bedroom */,
				1DA0E4BD202B8EA600CB1811 /* Book */,
				1DA0E4BB202B8E9B00CB1811 /* Person */,
			);
			path = House;
			sourceTree = "<group>";
		};
		1DA0E4BB202B8E9B00CB1811 /* Person */ = {
			isa = PBXGroup;
			children = (
				1DA0E4B8202B8C9700CB1811 /* Person.h */,
				1DA0E4B9202B8C9700CB1811 /* Person.m */,
			);
			path = Person;
			sourceTree = "<group>";
		};
		1DA0E4BC202B8EA000CB1811 /* Bedroom */ = {
			isa = PBXGroup;
			children = (
				1DA0E4B5202B88EC00CB1811 /* Bedroom.h */,
				1DA0E4B6202B88EC00CB1811 /* Bedroom.m */,
			);
			path = Bedroom;
			sourceTree = "<group>";
		};
		1DA0E4BD202B8EA600CB1811 /* Book */ = {
			isa = PBXGroup;
			children = (
				1DA0E4B2202B7E2900CB1811 /* Book.h */,
				1DA0E4B3202B7E2900CB1811 /* Book.m */,
			);
			path = Book;
			sourceTree = "<group>";
		};
		1DA0E4BE202B8EAC00CB1811 /* House */ = {
			isa = PBXGroup;
			children = (
				1DA0E4AF202B6E9C00CB1811 /* House.h */,
				1DA0E4B0202B6E9C00CB1811 /* House.m */,
			);
			path = House;
			sourceTree = "<group>";
		};
/* End PBXGroup section */

/* Begin PBXNativeTarget section */
		1DA0E4A4202B6E9100CB1811 /* House */ = {
			isa = PBXNativeTarget;
			buildConfigurationList = 1DA0E4AC202B6E9100CB1811 /* Build configuration list for PBXNativeTarget "House" */;
			buildPhases = (
				1DA0E4A1202B6E9100CB1811 /* Sources */,
				1DA0E4A2202B6E9100CB1811 /* Frameworks */,
				1DA0E4A3202B6E9100CB1811 /* CopyFiles */,
			);
			buildRules = (
			);
			dependencies = (
			);
			name = House;
			productName = House;
			productReference = 1DA0E4A5202B6E9100CB1811 /* House */;
			productType = "com.apple.product-type.tool";
		};
/* End PBXNativeTarget section */

/* Begin PBXProject section */
		1DA0E49D202B6E9100CB1811 /* Project object */ = {
			isa = PBXProject;
			attributes = {
				LastUpgradeCheck = 0920;
				ORGANIZATIONNAME = "Cesare Gianfilippo Astianatte de Cal";
				TargetAttributes = {
					1DA0E4A4202B6E9100CB1811 = {
						CreatedOnToolsVersion = 9.2;
						ProvisioningStyle = Automatic;
					};
				};
			};
			buildConfigurationList = 1DA0E4A0202B6E9100CB1811 /* Build configuration list for PBXProject "House" */;
			compatibilityVersion = "Xcode 8.0";
			developmentRegion = en;
			hasScannedForEncodings = 0;
			knownRegions = (
				en,
			);
			mainGroup = 1DA0E49C202B6E9100CB1811;
			productRefGroup = 1DA0E4A6202B6E9100CB1811 /* Products */;
			projectDirPath = "";
			projectRoot = "";
			targets = (
				1DA0E4A4202B6E9100CB1811 /* House */,
			);
		};
/* End PBXProject section */

/* Begin PBXSourcesBuildPhase section */
		1DA0E4A1202B6E9100CB1811 /* Sources */ = {
			isa = PBXSourcesBuildPhase;
			buildActionMask = 2147483647;
			files = (
				1DA0E4B7202B88EC00CB1811 /* Bedroom.m in Sources */,
				1DA0E4B1202B6E9C00CB1811 /* House.m in Sources */,
				1DA0E4BA202B8C9700CB1811 /* Person.m in Sources */,
				1DA0E4B4202B7E2900CB1811 /* Book.m in Sources */,
				1DA0E4A9202B6E9100CB1811 /* main.m in Sources */,
			);
			runOnlyForDeploymentPostprocessing = 0;
		};
/* End PBXSourcesBuildPhase section */

/* Begin XCBuildConfiguration section */
		1DA0E4AA202B6E9100CB1811 /* Debug */ = {
			isa = XCBuildConfiguration;
			buildSettings = {
				ALWAYS_SEARCH_USER_PATHS = NO;
				CLANG_ANALYZER_NONNULL = YES;
				CLANG_ANALYZER_NUMBER_OBJECT_CONVERSION = YES_AGGRESSIVE;
				CLANG_CXX_LANGUAGE_STANDARD = "gnu++14";
				CLANG_CXX_LIBRARY = "libc++";
				CLANG_ENABLE_MODULES = YES;
				CLANG_ENABLE_OBJC_ARC = YES;
				CLANG_WARN_BLOCK_CAPTURE_AUTORELEASING = YES;
				CLANG_WARN_BOOL_CONVERSION = YES;
				CLANG_WARN_COMMA = YES;
				CLANG_WARN_CONSTANT_CONVERSION = YES;
				CLANG_WARN_DIRECT_OBJC_ISA_USAGE = YES_ERROR;
				CLANG_WARN_DOCUMENTATION_COMMENTS = YES;
				CLANG_WARN_EMPTY_BODY = YES;
				CLANG_WARN_ENUM_CONVERSION = YES;
				CLANG_WARN_INFINITE_RECURSION = YES;
				CLANG_WARN_INT_CONVERSION = YES;
				CLANG_WARN_NON_LITERAL_NULL_CONVERSION = YES;
				CLANG_WARN_OBJC_LITERAL_CONVERSION = YES;
				CLANG_WARN_OBJC_ROOT_CLASS = YES_ERROR;
				CLANG_WARN_RANGE_LOOP_ANALYSIS = YES;
				CLANG_WARN_STRICT_PROTOTYPES = YES;
				CLANG_WARN_SUSPICIOUS_MOVE = YES;
				CLANG_WARN_UNGUARDED_AVAILABILITY = YES_AGGRESSIVE;
				CLANG_WARN_UNREACHABLE_CODE = YES;
				CLANG_WARN__DUPLICATE_METHOD_MATCH = YES;
				CODE_SIGN_IDENTITY = "Mac Developer";
				COPY_PHASE_STRIP = NO;
				DEBUG_INFORMATION_FORMAT = dwarf;
				ENABLE_STRICT_OBJC_MSGSEND = YES;
				ENABLE_TESTABILITY = YES;
				GCC_C_LANGUAGE_STANDARD = gnu11;
				GCC_DYNAMIC_NO_PIC = NO;
				GCC_NO_COMMON_BLOCKS = YES;
				GCC_OPTIMIZATION_LEVEL = 0;
				GCC_PREPROCESSOR_DEFINITIONS = (
					"DEBUG=1",
					"$(inherited)",
				);
				GCC_WARN_64_TO_32_BIT_CONVERSION = YES;
				GCC_WARN_ABOUT_RETURN_TYPE = YES_ERROR;
				GCC_WARN_UNDECLARED_SELECTOR = YES;
				GCC_WARN_UNINITIALIZED_AUTOS = YES_AGGRESSIVE;
				GCC_WARN_UNUSED_FUNCTION = YES;
				GCC_WARN_UNUSED_VARIABLE = YES;
				MACOSX_DEPLOYMENT_TARGET = 10.13;
				MTL_ENABLE_DEBUG_INFO = YES;
				ONLY_ACTIVE_ARCH = YES;
				SDKROOT = macosx;
			};
			name = Debug;
		};
		1DA0E4AB202B6E9100CB1811 /* Release */ = {
			isa = XCBuildConfiguration;
			buildSettings = {
				ALWAYS_SEARCH_USER_PATHS = NO;
				CLANG_ANALYZER_NONNULL = YES;
				CLANG_ANALYZER_NUMBER_OBJECT_CONVERSION = YES_AGGRESSIVE;
				CLANG_CXX_LANGUAGE_STANDARD = "gnu++14";
				CLANG_CXX_LIBRARY = "libc++";
				CLANG_ENABLE_MODULES = YES;
				CLANG_ENABLE_OBJC_ARC = YES;
				CLANG_WARN_BLOCK_CAPTURE_AUTORELEASING = YES;
				CLANG_WARN_BOOL_CONVERSION = YES;
				CLANG_WARN_COMMA = YES;
				CLANG_WARN_CONSTANT_CONVERSION = YES;
				CLANG_WARN_DIRECT_OBJC_ISA_USAGE = YES_ERROR;
				CLANG_WARN_DOCUMENTATION_COMMENTS = YES;
				CLANG_WARN_EMPTY_BODY = YES;
				CLANG_WARN_ENUM_CONVERSION = YES;
				CLANG_WARN_INFINITE_RECURSION = YES;
				CLANG_WARN_INT_CONVERSION = YES;
				CLANG_WARN_NON_LITERAL_NULL_CONVERSION = YES;
				CLANG_WARN_OBJC_LITERAL_CONVERSION = YES;
				CLANG_WARN_OBJC_ROOT_CLASS = YES_ERROR;
				CLANG_WARN_RANGE_LOOP_ANALYSIS = YES;
				CLANG_WARN_STRICT_PROTOTYPES = YES;
				CLANG_WARN_SUSPICIOUS_MOVE = YES;
				CLANG_WARN_UNGUARDED_AVAILABILITY = YES_AGGRESSIVE;
				CLANG_WARN_UNREACHABLE_CODE = YES;
				CLANG_WARN__DUPLICATE_METHOD_MATCH = YES;
				CODE_SIGN_IDENTITY = "Mac Developer";
				COPY_PHASE_STRIP = NO;
				DEBUG_INFORMATION_FORMAT = "dwarf-with-dsym";
				ENABLE_NS_ASSERTIONS = NO;
				ENABLE_STRICT_OBJC_MSGSEND = YES;
				GCC_C_LANGUAGE_STANDARD = gnu11;
				GCC_NO_COMMON_BLOCKS = YES;
				GCC_WARN_64_TO_32_BIT_CONVERSION = YES;
				GCC_WARN_ABOUT_RETURN_TYPE = YES_ERROR;
				GCC_WARN_UNDECLARED_SELECTOR = YES;
				GCC_WARN_UNINITIALIZED_AUTOS = YES_AGGRESSIVE;
				GCC_WARN_UNUSED_FUNCTION = YES;
				GCC_WARN_UNUSED_VARIABLE = YES;
				MACOSX_DEPLOYMENT_TARGET = 10.13;
				MTL_ENABLE_DEBUG_INFO = NO;
				SDKROOT = macosx;
			};
			name = Release;
		};
		1DA0E4AD202B6E9100CB1811 /* Debug */ = {
			isa = XCBuildConfiguration;
			buildSettings = {
				CODE_SIGN_STYLE = Automatic;
				DEVELOPMENT_TEAM = G99G8858YN;
				PRODUCT_NAME = "$(TARGET_NAME)";
			};
			name = Debug;
		};
		1DA0E4AE202B6E9100CB1811 /* Release */ = {
			isa = XCBuildConfiguration;
			buildSettings = {
				CODE_SIGN_STYLE = Automatic;
				DEVELOPMENT_TEAM = G99G8858YN;
				PRODUCT_NAME = "$(TARGET_NAME)";
			};
			name = Release;
		};
/* End XCBuildConfiguration section */

/* Begin XCConfigurationList section */
		1DA0E4A0202B6E9100CB1811 /* Build configuration list for PBXProject "House" */ = {
			isa = XCConfigurationList;
			buildConfigurations = (
				1DA0E4AA202B6E9100CB1811 /* Debug */,
				1DA0E4AB202B6E9100CB1811 /* Release */,
			);
			defaultConfigurationIsVisible = 0;
			defaultConfigurationName = Release;
		};
		1DA0E4AC202B6E9100CB1811 /* Build configuration list for PBXNativeTarget "House" */ = {
			isa = XCConfigurationList;
			buildConfigurations = (
				1DA0E4AD202B6E9100CB1811 /* Debug */,
				1DA0E4AE202B6E9100CB1811 /* Release */,
			);
			defaultConfigurationIsVisible = 0;
			defaultConfigurationName = Release;
		};
/* End XCConfigurationList section */
	};
	rootObject = 1DA0E49D202B6E9100CB1811 /* Project object */;
}
